
Microsoft Visual Studio Solution File, Format Version 12.00
# Visual Studio Version 17
VisualStudioVersion = 17.4.33110.190
MinimumVisualStudioVersion = 10.0.40219.1
Project("{9A19103F-16F7-4668-BE54-9A1E7A4F7556}") = "SonarLint.Secrets.DotNet", "src\SonarLint.Secrets.DotNet\SonarLint.Secrets.DotNet.csproj", "{4BC8FD67-403A-4385-AD12-25546B131E56}"
EndProject
Project("{9A19103F-16F7-4668-BE54-9A1E7A4F7556}") = "SonarLint.Secrets.DotNet.UnitTests", "src\SonarLint.Secrets.DotNet.UnitTests\SonarLint.Secrets.DotNet.UnitTests.csproj", "{EF311D7C-8A38-41BD-9883-05B079FDB45A}"
EndProject
Project("{2150E333-8FDC-42A3-9474-1A3956D46DE8}") = "Solution Items", "Solution Items", "{7D1D0E34-BBE3-45A1-9236-2092C5DBAC8E}"
	ProjectSection(SolutionItems) = preProject
		..\.cirrus.yml = ..\.cirrus.yml
		azure-pipelines-dotnet.yml = azure-pipelines-dotnet.yml
		Directory.Build.props = Directory.Build.props
		nuget.config = nuget.config
	EndProjectSection
EndProject
Global
	GlobalSection(SolutionConfigurationPlatforms) = preSolution
		Debug|Any CPU = Debug|Any CPU
		Release|Any CPU = Release|Any CPU
	EndGlobalSection
	GlobalSection(ProjectConfigurationPlatforms) = postSolution
		{4BC8FD67-403A-4385-AD12-25546B131E56}.Debug|Any CPU.ActiveCfg = Debug|Any CPU
		{4BC8FD67-403A-4385-AD12-25546B131E56}.Debug|Any CPU.Build.0 = Debug|Any CPU
		{4BC8FD67-403A-4385-AD12-25546B131E56}.Release|Any CPU.ActiveCfg = Release|Any CPU
		{4BC8FD67-403A-4385-AD12-25546B131E56}.Release|Any CPU.Build.0 = Release|Any CPU
		{EF311D7C-8A38-41BD-9883-05B079FDB45A}.Debug|Any CPU.ActiveCfg = Debug|Any CPU
		{EF311D7C-8A38-41BD-9883-05B079FDB45A}.Debug|Any CPU.Build.0 = Debug|Any CPU
		{EF311D7C-8A38-41BD-9883-05B079FDB45A}.Release|Any CPU.ActiveCfg = Release|Any CPU
		{EF311D7C-8A38-41BD-9883-05B079FDB45A}.Release|Any CPU.Build.0 = Release|Any CPU
	EndGlobalSection
	GlobalSection(SolutionProperties) = preSolution
		HideSolutionNode = FALSE
	EndGlobalSection
	GlobalSection(ExtensibilityGlobals) = postSolution
		SolutionGuid = {7F911098-957A-4BD4-B293-C2F365D6ACB3}
	EndGlobalSection
EndGlobal
